
Microsoft Visual Studio Solution File, Format Version 12.00
# Visual Studio Version 17
VisualStudioVersion = 17.6.33815.320
MinimumVisualStudioVersion = 10.0.40219.1
Project("{FAE04EC0-301F-11D3-BF4B-00C04F79EFBC}") = "ElevatorWebApp", "ElevatorWebApp\ElevatorWebApp.csproj", "{D8C0AF54-0915-4161-98A8-817CB0610F64}"
EndProject
Global
	GlobalSection(SolutionConfigurationPlatforms) = preSolution
		Debug|Any CPU = Debug|Any CPU
		Release|Any CPU = Release|Any CPU
	EndGlobalSection
	GlobalSection(ProjectConfigurationPlatforms) = postSolution
		{D8C0AF54-0915-4161-98A8-817CB0610F64}.Debug|Any CPU.ActiveCfg = Debug|Any CPU
		{D8C0AF54-0915-4161-98A8-817CB0610F64}.Debug|Any CPU.Build.0 = Debug|Any CPU
		{D8C0AF54-0915-4161-98A8-817CB0610F64}.Release|Any CPU.ActiveCfg = Release|Any CPU
		{D8C0AF54-0915-4161-98A8-817CB0610F64}.Release|Any CPU.Build.0 = Release|Any CPU
	EndGlobalSection
	GlobalSection(SolutionProperties) = preSolution
		HideSolutionNode = FALSE
	EndGlobalSection
	GlobalSection(ExtensibilityGlobals) = postSolution
		SolutionGuid = {8C54B482-3301-466F-8C82-F108FC71F7A0}
	EndGlobalSection
EndGlobal
